# This file is automatically @generated by Cargo.
# It is not intended for manual editing.
[[package]]
name = "cortex-m-rt"
version = "0.6.8"
source = "registry+https://github.com/rust-lang/crates.io-index"
dependencies = [
 "cortex-m-rt-macros 0.1.5 (registry+https://github.com/rust-lang/crates.io-index)",
 "r0 0.2.2 (registry+https://github.com/rust-lang/crates.io-index)",
]

[[package]]
name = "cortex-m-rt-bug-mwe"
version = "0.1.0"
dependencies = [
 "cortex-m-rt 0.6.8 (registry+https://github.com/rust-lang/crates.io-index)",
]

[[package]]
name = "cortex-m-rt-macros"
version = "0.1.5"
source = "registry+https://github.com/rust-lang/crates.io-index"
dependencies = [
 "proc-macro2 0.4.30 (registry+https://github.com/rust-lang/crates.io-index)",
 "quote 0.6.12 (registry+https://github.com/rust-lang/crates.io-index)",
 "rand 0.5.6 (registry+https://github.com/rust-lang/crates.io-index)",
 "syn 0.15.34 (registry+https://github.com/rust-lang/crates.io-index)",
]

[[package]]
name = "proc-macro2"
version = "0.4.30"
source = "registry+https://github.com/rust-lang/crates.io-index"
dependencies = [
 "unicode-xid 0.1.0 (registry+https://github.com/rust-lang/crates.io-index)",
]

[[package]]
name = "quote"
version = "0.6.12"
source = "registry+https://github.com/rust-lang/crates.io-index"
dependencies = [
 "proc-macro2 0.4.30 (registry+https://github.com/rust-lang/crates.io-index)",
]

[[package]]
name = "r0"
version = "0.2.2"
source = "registry+https://github.com/rust-lang/crates.io-index"

[[package]]
name = "rand"
version = "0.5.6"
source = "registry+https://github.com/rust-lang/crates.io-index"
dependencies = [
 "rand_core 0.3.1 (registry+https://github.com/rust-lang/crates.io-index)",
]

[[package]]
name = "rand_core"
version = "0.3.1"
source = "registry+https://github.com/rust-lang/crates.io-index"
dependencies = [
 "rand_core 0.4.0 (registry+https://github.com/rust-lang/crates.io-index)",
]

[[package]]
name = "rand_core"
version = "0.4.0"
source = "registry+https://github.com/rust-lang/crates.io-index"

[[package]]
name = "syn"
version = "0.15.34"
source = "registry+https://github.com/rust-lang/crates.io-index"
dependencies = [
 "proc-macro2 0.4.30 (registry+https://github.com/rust-lang/crates.io-index)",
 "quote 0.6.12 (registry+https://github.com/rust-lang/crates.io-index)",
 "unicode-xid 0.1.0 (registry+https://github.com/rust-lang/crates.io-index)",
]

[[package]]
name = "unicode-xid"
version = "0.1.0"
source = "registry+https://github.com/rust-lang/crates.io-index"

[metadata]
"checksum cortex-m-rt 0.6.8 (registry+https://github.com/rust-lang/crates.io-index)" = "7e1ccc9052352415ec4e3f762f4541098d012016f9354a1a5b2dede39b67f426"
"checksum cortex-m-rt-macros 0.1.5 (registry+https://github.com/rust-lang/crates.io-index)" = "d7ae692573e0acccb1579fef1abf5a5bf1d2f3f0149a22b16870ec9309aee25f"
"checksum proc-macro2 0.4.30 (registry+https://github.com/rust-lang/crates.io-index)" = "cf3d2011ab5c909338f7887f4fc896d35932e29146c12c8d01da6b22a80ba759"
"checksum quote 0.6.12 (registry+https://github.com/rust-lang/crates.io-index)" = "faf4799c5d274f3868a4aae320a0a182cbd2baee377b378f080e16a23e9d80db"
"checksum r0 0.2.2 (registry+https://github.com/rust-lang/crates.io-index)" = "e2a38df5b15c8d5c7e8654189744d8e396bddc18ad48041a500ce52d6948941f"
"checksum rand 0.5.6 (registry+https://github.com/rust-lang/crates.io-index)" = "c618c47cd3ebd209790115ab837de41425723956ad3ce2e6a7f09890947cacb9"
"checksum rand_core 0.3.1 (registry+https://github.com/rust-lang/crates.io-index)" = "7a6fdeb83b075e8266dcc8762c22776f6877a63111121f5f8c7411e5be7eed4b"
"checksum rand_core 0.4.0 (registry+https://github.com/rust-lang/crates.io-index)" = "d0e7a549d590831370895ab7ba4ea0c1b6b011d106b5ff2da6eee112615e6dc0"
"checksum syn 0.15.34 (registry+https://github.com/rust-lang/crates.io-index)" = "a1393e4a97a19c01e900df2aec855a29f71cf02c402e2f443b8d2747c25c5dbe"
"checksum unicode-xid 0.1.0 (registry+https://github.com/rust-lang/crates.io-index)" = "fc72304796d0818e357ead4e000d19c9c174ab23dc11093ac919054d20a6a7fc"
